{
  "nodes": {
    "nixpkgs": {
      "locked": {
        "lastModified": 1628607662,
        "narHash": "sha256-TT7jldaYFtHGdVX/yE6FjdpPdNY01xIygB2zGjzFTqk=",
        "owner": "NixOS",
        "repo": "nixpkgs",
        "rev": "2d6ab6c6b92f7aaf8bc53baba9754b9bfdce56f2",
        "type": "github"
      },
      "original": {
        "id": "nixpkgs",
        "ref": "nixos-21.05",
        "type": "indirect"
      }
    },
    "npmlock2nix": {
      "flake": false,
      "locked": {
        "lastModified": 1628671444,
        "narHash": "sha256-2xpZVVpY3X6fQdXntIxpPzl5JHk72VD4kgWyrO2evT8=",
        "owner": "tweag",
        "repo": "npmlock2nix",
        "rev": "c63a75e9e31ea5d7d6f94ee9ced41979908087fb",
        "type": "github"
      },
      "original": {
        "owner": "tweag",
        "repo": "npmlock2nix",
        "type": "github"
      }
    },
    "root": {
      "inputs": {
        "nixpkgs": "nixpkgs",
        "npmlock2nix": "npmlock2nix"
      }
    }
  },
  "root": "root",
  "version": 7
}
