{
  "nodes": {
    "nixpkgs": {
      "locked": {
        "lastModified": 1628696776,
        "narHash": "sha256-K8+/IQNZDZltIu/KSf+Tz01OwNzTGgTch0ktMOWcxLg=",
        "owner": "NixOS",
        "repo": "nixpkgs",
        "rev": "927ce1afc1db40869a463a37ea2738c27d425f80",
        "type": "github"
      },
      "original": {
        "id": "nixpkgs",
        "ref": "nixos-21.05",
        "type": "indirect"
      }
    },
    "npmlock2nix": {
      "flake": false,
      "locked": {
        "narHash": "sha256-cLulNrdy+B7jNhSBefXQkCulBLNV57o6fZ8qv8wTd5g=",
        "path": "/home/sohalt/projects/summer-of-nix/npmlock2nix",
        "type": "path"
      },
      "original": {
        "path": "/home/sohalt/projects/summer-of-nix/npmlock2nix",
        "type": "path"
      }
    },
    "root": {
      "inputs": {
        "nixpkgs": "nixpkgs",
        "npmlock2nix": "npmlock2nix"
      }
    }
  },
  "root": "root",
  "version": 7
}
